
Microsoft Visual Studio Solution File, Format Version 12.00
# Visual Studio Version 16
VisualStudioVersion = 16.0.30204.135
MinimumVisualStudioVersion = 10.0.40219.1
Project("{888888A0-9F3D-457C-B088-3A5042F75D52}") = "listfixer", "listfixer.pyproj", "{AF7433F5-96E3-484A-A598-9B30D96A782D}"
EndProject
Global
	GlobalSection(SolutionConfigurationPlatforms) = preSolution
		Debug|Any CPU = Debug|Any CPU
		Release|Any CPU = Release|Any CPU
	EndGlobalSection
	GlobalSection(ProjectConfigurationPlatforms) = postSolution
		{AF7433F5-96E3-484A-A598-9B30D96A782D}.Debug|Any CPU.ActiveCfg = Debug|Any CPU
		{AF7433F5-96E3-484A-A598-9B30D96A782D}.Release|Any CPU.ActiveCfg = Release|Any CPU
	EndGlobalSection
	GlobalSection(SolutionProperties) = preSolution
		HideSolutionNode = FALSE
	EndGlobalSection
	GlobalSection(ExtensibilityGlobals) = postSolution
		SolutionGuid = {7076E1F0-2C57-43D3-9434-A4FD7105C070}
	EndGlobalSection
EndGlobal
